
Microsoft Visual Studio Solution File, Format Version 12.00
# Visual Studio Version 17
VisualStudioVersion = 17.1.32210.238
MinimumVisualStudioVersion = 10.0.40219.1
Project("{FAE04EC0-301F-11D3-BF4B-00C04F79EFBC}") = "SMTPEmailConsoleApp", "SMTPEmailConsoleApp.csproj", "{2C63D3DD-310B-4246-9DF1-73B19E582E3D}"
EndProject
Global
	GlobalSection(SolutionConfigurationPlatforms) = preSolution
		Debug|Any CPU = Debug|Any CPU
		Release|Any CPU = Release|Any CPU
	EndGlobalSection
	GlobalSection(ProjectConfigurationPlatforms) = postSolution
		{2C63D3DD-310B-4246-9DF1-73B19E582E3D}.Debug|Any CPU.ActiveCfg = Debug|Any CPU
		{2C63D3DD-310B-4246-9DF1-73B19E582E3D}.Debug|Any CPU.Build.0 = Debug|Any CPU
		{2C63D3DD-310B-4246-9DF1-73B19E582E3D}.Release|Any CPU.ActiveCfg = Release|Any CPU
		{2C63D3DD-310B-4246-9DF1-73B19E582E3D}.Release|Any CPU.Build.0 = Release|Any CPU
	EndGlobalSection
	GlobalSection(SolutionProperties) = preSolution
		HideSolutionNode = FALSE
	EndGlobalSection
	GlobalSection(ExtensibilityGlobals) = postSolution
		SolutionGuid = {4180548B-0C48-4B55-B1B1-E4F8D3B256FB}
	EndGlobalSection
EndGlobal
